
Microsoft Visual Studio Solution File, Format Version 12.00
# Visual Studio Version 17
VisualStudioVersion = 17.0.31903.59
MinimumVisualStudioVersion = 10.0.40219.1
Project("{2150E333-8FDC-42A3-9474-1A3956D46DE8}") = "src", "src", "{827E0CD3-B72D-47B6-A68D-7590B98EB39B}"
EndProject
Project("{FAE04EC0-301F-11D3-BF4B-00C04F79EFBC}") = "TaskManager.Domain", "src\TaskManager.Domain\TaskManager.Domain.csproj", "{2629A238-037A-42DC-9358-F01F00C30A20}"
EndProject
Project("{FAE04EC0-301F-11D3-BF4B-00C04F79EFBC}") = "TaskManager.Application", "src\TaskManager.Application\TaskManager.Application.csproj", "{A758B9F4-C2CD-4961-9CD3-F31273607BBB}"
EndProject
Project("{FAE04EC0-301F-11D3-BF4B-00C04F79EFBC}") = "TaskManager.Infrastructure", "src\TaskManager.Infrastructure\TaskManager.Infrastructure.csproj", "{240F05FF-ACB3-4E74-9B84-27D79DFA2135}"
EndProject
Project("{FAE04EC0-301F-11D3-BF4B-00C04F79EFBC}") = "TaskManager.Api", "src\TaskManager.Api\TaskManager.Api.csproj", "{60E3F74D-3422-4992-AA79-D38F4A49D3F2}"
EndProject
Project("{2150E333-8FDC-42A3-9474-1A3956D46DE8}") = "tests", "tests", "{0AB3BF05-4346-4AA6-1389-037BE0695223}"
EndProject
Project("{FAE04EC0-301F-11D3-BF4B-00C04F79EFBC}") = "TaskManager.Domain.Tests", "tests\TaskManager.Domain.Tests\TaskManager.Domain.Tests.csproj", "{DEF7B715-F3A9-4D7C-A9FA-C511655E0B7E}"
EndProject
Project("{FAE04EC0-301F-11D3-BF4B-00C04F79EFBC}") = "TaskManager.Application.Tests", "tests\TaskManager.Application.Tests\TaskManager.Application.Tests.csproj", "{E6CAE46A-13FE-4C42-BDD3-08C9F30219E2}"
EndProject
Project("{FAE04EC0-301F-11D3-BF4B-00C04F79EFBC}") = "TaskManager.Infrastructure.Tests", "tests\TaskManager.Infrastructure.Tests\TaskManager.Infrastructure.Tests.csproj", "{5E49E2B0-ED4A-496C-B033-7F248670A8C2}"
EndProject
Project("{FAE04EC0-301F-11D3-BF4B-00C04F79EFBC}") = "TaskManager.Api.Tests", "tests\TaskManager.Api.Tests\TaskManager.Api.Tests.csproj", "{279D8B37-33E8-4770-A9EA-AE5ACAA2C321}"
EndProject
Global
	GlobalSection(SolutionConfigurationPlatforms) = preSolution
		Debug|Any CPU = Debug|Any CPU
		Debug|x64 = Debug|x64
		Debug|x86 = Debug|x86
		Release|Any CPU = Release|Any CPU
		Release|x64 = Release|x64
		Release|x86 = Release|x86
	EndGlobalSection
	GlobalSection(ProjectConfigurationPlatforms) = postSolution
		{2629A238-037A-42DC-9358-F01F00C30A20}.Debug|Any CPU.ActiveCfg = Debug|Any CPU
		{2629A238-037A-42DC-9358-F01F00C30A20}.Debug|Any CPU.Build.0 = Debug|Any CPU
		{2629A238-037A-42DC-9358-F01F00C30A20}.Debug|x64.ActiveCfg = Debug|Any CPU
		{2629A238-037A-42DC-9358-F01F00C30A20}.Debug|x64.Build.0 = Debug|Any CPU
		{2629A238-037A-42DC-9358-F01F00C30A20}.Debug|x86.ActiveCfg = Debug|Any CPU
		{2629A238-037A-42DC-9358-F01F00C30A20}.Debug|x86.Build.0 = Debug|Any CPU
		{2629A238-037A-42DC-9358-F01F00C30A20}.Release|Any CPU.ActiveCfg = Release|Any CPU
		{2629A238-037A-42DC-9358-F01F00C30A20}.Release|Any CPU.Build.0 = Release|Any CPU
		{2629A238-037A-42DC-9358-F01F00C30A20}.Release|x64.ActiveCfg = Release|Any CPU
		{2629A238-037A-42DC-9358-F01F00C30A20}.Release|x64.Build.0 = Release|Any CPU
		{2629A238-037A-42DC-9358-F01F00C30A20}.Release|x86.ActiveCfg = Release|Any CPU
		{2629A238-037A-42DC-9358-F01F00C30A20}.Release|x86.Build.0 = Release|Any CPU
		{A758B9F4-C2CD-4961-9CD3-F31273607BBB}.Debug|Any CPU.ActiveCfg = Debug|Any CPU
		{A758B9F4-C2CD-4961-9CD3-F31273607BBB}.Debug|Any CPU.Build.0 = Debug|Any CPU
		{A758B9F4-C2CD-4961-9CD3-F31273607BBB}.Debug|x64.ActiveCfg = Debug|Any CPU
		{A758B9F4-C2CD-4961-9CD3-F31273607BBB}.Debug|x64.Build.0 = Debug|Any CPU
		{A758B9F4-C2CD-4961-9CD3-F31273607BBB}.Debug|x86.ActiveCfg = Debug|Any CPU
		{A758B9F4-C2CD-4961-9CD3-F31273607BBB}.Debug|x86.Build.0 = Debug|Any CPU
		{A758B9F4-C2CD-4961-9CD3-F31273607BBB}.Release|Any CPU.ActiveCfg = Release|Any CPU
		{A758B9F4-C2CD-4961-9CD3-F31273607BBB}.Release|Any CPU.Build.0 = Release|Any CPU
		{A758B9F4-C2CD-4961-9CD3-F31273607BBB}.Release|x64.ActiveCfg = Release|Any CPU
		{A758B9F4-C2CD-4961-9CD3-F31273607BBB}.Release|x64.Build.0 = Release|Any CPU
		{A758B9F4-C2CD-4961-9CD3-F31273607BBB}.Release|x86.ActiveCfg = Release|Any CPU
		{A758B9F4-C2CD-4961-9CD3-F31273607BBB}.Release|x86.Build.0 = Release|Any CPU
		{240F05FF-ACB3-4E74-9B84-27D79DFA2135}.Debug|Any CPU.ActiveCfg = Debug|Any CPU
		{240F05FF-ACB3-4E74-9B84-27D79DFA2135}.Debug|Any CPU.Build.0 = Debug|Any CPU
		{240F05FF-ACB3-4E74-9B84-27D79DFA2135}.Debug|x64.ActiveCfg = Debug|Any CPU
		{240F05FF-ACB3-4E74-9B84-27D79DFA2135}.Debug|x64.Build.0 = Debug|Any CPU
		{240F05FF-ACB3-4E74-9B84-27D79DFA2135}.Debug|x86.ActiveCfg = Debug|Any CPU
		{240F05FF-ACB3-4E74-9B84-27D79DFA2135}.Debug|x86.Build.0 = Debug|Any CPU
		{240F05FF-ACB3-4E74-9B84-27D79DFA2135}.Release|Any CPU.ActiveCfg = Release|Any CPU
		{240F05FF-ACB3-4E74-9B84-27D79DFA2135}.Release|Any CPU.Build.0 = Release|Any CPU
		{240F05FF-ACB3-4E74-9B84-27D79DFA2135}.Release|x64.ActiveCfg = Release|Any CPU
		{240F05FF-ACB3-4E74-9B84-27D79DFA2135}.Release|x64.Build.0 = Release|Any CPU
		{240F05FF-ACB3-4E74-9B84-27D79DFA2135}.Release|x86.ActiveCfg = Release|Any CPU
		{240F05FF-ACB3-4E74-9B84-27D79DFA2135}.Release|x86.Build.0 = Release|Any CPU
		{60E3F74D-3422-4992-AA79-D38F4A49D3F2}.Debug|Any CPU.ActiveCfg = Debug|Any CPU
		{60E3F74D-3422-4992-AA79-D38F4A49D3F2}.Debug|Any CPU.Build.0 = Debug|Any CPU
		{60E3F74D-3422-4992-AA79-D38F4A49D3F2}.Debug|x64.ActiveCfg = Debug|Any CPU
		{60E3F74D-3422-4992-AA79-D38F4A49D3F2}.Debug|x64.Build.0 = Debug|Any CPU
		{60E3F74D-3422-4992-AA79-D38F4A49D3F2}.Debug|x86.ActiveCfg = Debug|Any CPU
		{60E3F74D-3422-4992-AA79-D38F4A49D3F2}.Debug|x86.Build.0 = Debug|Any CPU
		{60E3F74D-3422-4992-AA79-D38F4A49D3F2}.Release|Any CPU.ActiveCfg = Release|Any CPU
		{60E3F74D-3422-4992-AA79-D38F4A49D3F2}.Release|Any CPU.Build.0 = Release|Any CPU
		{60E3F74D-3422-4992-AA79-D38F4A49D3F2}.Release|x64.ActiveCfg = Release|Any CPU
		{60E3F74D-3422-4992-AA79-D38F4A49D3F2}.Release|x64.Build.0 = Release|Any CPU
		{60E3F74D-3422-4992-AA79-D38F4A49D3F2}.Release|x86.ActiveCfg = Release|Any CPU
		{60E3F74D-3422-4992-AA79-D38F4A49D3F2}.Release|x86.Build.0 = Release|Any CPU
		{DEF7B715-F3A9-4D7C-A9FA-C511655E0B7E}.Debug|Any CPU.ActiveCfg = Debug|Any CPU
		{DEF7B715-F3A9-4D7C-A9FA-C511655E0B7E}.Debug|Any CPU.Build.0 = Debug|Any CPU
		{DEF7B715-F3A9-4D7C-A9FA-C511655E0B7E}.Debug|x64.ActiveCfg = Debug|Any CPU
		{DEF7B715-F3A9-4D7C-A9FA-C511655E0B7E}.Debug|x64.Build.0 = Debug|Any CPU
		{DEF7B715-F3A9-4D7C-A9FA-C511655E0B7E}.Debug|x86.ActiveCfg = Debug|Any CPU
		{DEF7B715-F3A9-4D7C-A9FA-C511655E0B7E}.Debug|x86.Build.0 = Debug|Any CPU
		{DEF7B715-F3A9-4D7C-A9FA-C511655E0B7E}.Release|Any CPU.ActiveCfg = Release|Any CPU
		{DEF7B715-F3A9-4D7C-A9FA-C511655E0B7E}.Release|Any CPU.Build.0 = Release|Any CPU
		{DEF7B715-F3A9-4D7C-A9FA-C511655E0B7E}.Release|x64.ActiveCfg = Release|Any CPU
		{DEF7B715-F3A9-4D7C-A9FA-C511655E0B7E}.Release|x64.Build.0 = Release|Any CPU
		{DEF7B715-F3A9-4D7C-A9FA-C511655E0B7E}.Release|x86.ActiveCfg = Release|Any CPU
		{DEF7B715-F3A9-4D7C-A9FA-C511655E0B7E}.Release|x86.Build.0 = Release|Any CPU
		{E6CAE46A-13FE-4C42-BDD3-08C9F30219E2}.Debug|Any CPU.ActiveCfg = Debug|Any CPU
		{E6CAE46A-13FE-4C42-BDD3-08C9F30219E2}.Debug|Any CPU.Build.0 = Debug|Any CPU
		{E6CAE46A-13FE-4C42-BDD3-08C9F30219E2}.Debug|x64.ActiveCfg = Debug|Any CPU
		{E6CAE46A-13FE-4C42-BDD3-08C9F30219E2}.Debug|x64.Build.0 = Debug|Any CPU
		{E6CAE46A-13FE-4C42-BDD3-08C9F30219E2}.Debug|x86.ActiveCfg = Debug|Any CPU
		{E6CAE46A-13FE-4C42-BDD3-08C9F30219E2}.Debug|x86.Build.0 = Debug|Any CPU
		{E6CAE46A-13FE-4C42-BDD3-08C9F30219E2}.Release|Any CPU.ActiveCfg = Release|Any CPU
		{E6CAE46A-13FE-4C42-BDD3-08C9F30219E2}.Release|Any CPU.Build.0 = Release|Any CPU
		{E6CAE46A-13FE-4C42-BDD3-08C9F30219E2}.Release|x64.ActiveCfg = Release|Any CPU
		{E6CAE46A-13FE-4C42-BDD3-08C9F30219E2}.Release|x64.Build.0 = Release|Any CPU
		{E6CAE46A-13FE-4C42-BDD3-08C9F30219E2}.Release|x86.ActiveCfg = Release|Any CPU
		{E6CAE46A-13FE-4C42-BDD3-08C9F30219E2}.Release|x86.Build.0 = Release|Any CPU
		{5E49E2B0-ED4A-496C-B033-7F248670A8C2}.Debug|Any CPU.ActiveCfg = Debug|Any CPU
		{5E49E2B0-ED4A-496C-B033-7F248670A8C2}.Debug|Any CPU.Build.0 = Debug|Any CPU
		{5E49E2B0-ED4A-496C-B033-7F248670A8C2}.Debug|x64.ActiveCfg = Debug|Any CPU
		{5E49E2B0-ED4A-496C-B033-7F248670A8C2}.Debug|x64.Build.0 = Debug|Any CPU
		{5E49E2B0-ED4A-496C-B033-7F248670A8C2}.Debug|x86.ActiveCfg = Debug|Any CPU
		{5E49E2B0-ED4A-496C-B033-7F248670A8C2}.Debug|x86.Build.0 = Debug|Any CPU
		{5E49E2B0-ED4A-496C-B033-7F248670A8C2}.Release|Any CPU.ActiveCfg = Release|Any CPU
		{5E49E2B0-ED4A-496C-B033-7F248670A8C2}.Release|Any CPU.Build.0 = Release|Any CPU
		{5E49E2B0-ED4A-496C-B033-7F248670A8C2}.Release|x64.ActiveCfg = Release|Any CPU
		{5E49E2B0-ED4A-496C-B033-7F248670A8C2}.Release|x64.Build.0 = Release|Any CPU
		{5E49E2B0-ED4A-496C-B033-7F248670A8C2}.Release|x86.ActiveCfg = Release|Any CPU
		{5E49E2B0-ED4A-496C-B033-7F248670A8C2}.Release|x86.Build.0 = Release|Any CPU
		{279D8B37-33E8-4770-A9EA-AE5ACAA2C321}.Debug|Any CPU.ActiveCfg = Debug|Any CPU
		{279D8B37-33E8-4770-A9EA-AE5ACAA2C321}.Debug|Any CPU.Build.0 = Debug|Any CPU
		{279D8B37-33E8-4770-A9EA-AE5ACAA2C321}.Debug|x64.ActiveCfg = Debug|Any CPU
		{279D8B37-33E8-4770-A9EA-AE5ACAA2C321}.Debug|x64.Build.0 = Debug|Any CPU
		{279D8B37-33E8-4770-A9EA-AE5ACAA2C321}.Debug|x86.ActiveCfg = Debug|Any CPU
		{279D8B37-33E8-4770-A9EA-AE5ACAA2C321}.Debug|x86.Build.0 = Debug|Any CPU
		{279D8B37-33E8-4770-A9EA-AE5ACAA2C321}.Release|Any CPU.ActiveCfg = Release|Any CPU
		{279D8B37-33E8-4770-A9EA-AE5ACAA2C321}.Release|Any CPU.Build.0 = Release|Any CPU
		{279D8B37-33E8-4770-A9EA-AE5ACAA2C321}.Release|x64.ActiveCfg = Release|Any CPU
		{279D8B37-33E8-4770-A9EA-AE5ACAA2C321}.Release|x64.Build.0 = Release|Any CPU
		{279D8B37-33E8-4770-A9EA-AE5ACAA2C321}.Release|x86.ActiveCfg = Release|Any CPU
		{279D8B37-33E8-4770-A9EA-AE5ACAA2C321}.Release|x86.Build.0 = Release|Any CPU
	EndGlobalSection
	GlobalSection(SolutionProperties) = preSolution
		HideSolutionNode = FALSE
	EndGlobalSection
	GlobalSection(NestedProjects) = preSolution
		{2629A238-037A-42DC-9358-F01F00C30A20} = {827E0CD3-B72D-47B6-A68D-7590B98EB39B}
		{A758B9F4-C2CD-4961-9CD3-F31273607BBB} = {827E0CD3-B72D-47B6-A68D-7590B98EB39B}
		{240F05FF-ACB3-4E74-9B84-27D79DFA2135} = {827E0CD3-B72D-47B6-A68D-7590B98EB39B}
		{60E3F74D-3422-4992-AA79-D38F4A49D3F2} = {827E0CD3-B72D-47B6-A68D-7590B98EB39B}
		{DEF7B715-F3A9-4D7C-A9FA-C511655E0B7E} = {0AB3BF05-4346-4AA6-1389-037BE0695223}
		{E6CAE46A-13FE-4C42-BDD3-08C9F30219E2} = {0AB3BF05-4346-4AA6-1389-037BE0695223}
		{5E49E2B0-ED4A-496C-B033-7F248670A8C2} = {0AB3BF05-4346-4AA6-1389-037BE0695223}
		{279D8B37-33E8-4770-A9EA-AE5ACAA2C321} = {0AB3BF05-4346-4AA6-1389-037BE0695223}
	EndGlobalSection
EndGlobal
